lockfileVersion: 5.4

specifiers:
  '@codemirror/lang-javascript': ^6.0.1
  '@codemirror/lang-php': ^6.0.0
  '@codemirror/view': ^6.0.3

dependencies:
  '@codemirror/lang-javascript': 6.0.1
  '@codemirror/lang-php': 6.0.0
  '@codemirror/view': 6.0.3

packages:

  /@codemirror/autocomplete/6.0.4:
    resolution: {integrity: sha512-uP7UodCRykPNwSAN+wYa/AS9gJI/V47echCAXUYgCgBXy3l19nwO7W/d29COtG/dfAsjBOhMDeh3Ms8Y5VZbrA==}
    dependencies:
      '@codemirror/language': 6.2.0
      '@codemirror/state': 6.1.0
      '@codemirror/view': 6.0.3
      '@lezer/common': 1.0.0
    dev: false

  /@codemirror/lang-css/6.0.0:
    resolution: {integrity: sha512-jBqc+BTuwhNOTlrimFghLlSrN6iFuE44HULKWoR4qKYObhOIl9Lci1iYj6zMIte1XTQmZguNvjXMyr43LUKwSw==}
    dependencies:
      '@codemirror/autocomplete': 6.0.4
      '@codemirror/language': 6.2.0
      '@codemirror/state': 6.1.0
      '@lezer/css': 1.0.0
    dev: false

  /@codemirror/lang-html/6.1.0:
    resolution: {integrity: sha512-gA7NmJxqvnhwza05CvR7W/39Ap9r/4Vs9uiC0IeFYo1hSlJzc/8N6Evviz6vTW1x8SpHcRYyqKOf6rpl6LfWtg==}
    dependencies:
      '@codemirror/autocomplete': 6.0.4
      '@codemirror/lang-css': 6.0.0
      '@codemirror/lang-javascript': 6.0.1
      '@codemirror/language': 6.2.0
      '@codemirror/state': 6.1.0
      '@lezer/common': 1.0.0
      '@lezer/html': 1.0.0
    dev: false

  /@codemirror/lang-javascript/6.0.1:
    resolution: {integrity: sha512-kjGbBEosl+ozDU5ruDV48w4v3H6KECTFiDjqMLT0KhVwESPfv3wOvnDrTT0uaMOg3YRGnBWsyiIoKHl/tNWWDg==}
    dependencies:
      '@codemirror/autocomplete': 6.0.4
      '@codemirror/language': 6.2.0
      '@codemirror/lint': 6.0.0
      '@codemirror/state': 6.1.0
      '@codemirror/view': 6.0.3
      '@lezer/common': 1.0.0
      '@lezer/javascript': 1.0.1
    dev: false

  /@codemirror/lang-php/6.0.0:
    resolution: {integrity: sha512-96CEjq0xEgbzc6bdFPwILPfZ6m8917JRbh2oPszZJABlYxG4Y+eYjtYkUTDb4yuyjQKyigHoeGC6zoIOYA1NWA==}
    dependencies:
      '@codemirror/lang-html': 6.1.0
      '@codemirror/language': 6.2.0
      '@codemirror/state': 6.1.0
      '@lezer/common': 1.0.0
      '@lezer/php': 1.0.0
    dev: false

  /@codemirror/language/6.2.0:
    resolution: {integrity: sha512-tabB0Ef/BflwoEmTB4a//WZ9P90UQyne9qWB9YFsmeS4bnEqSys7UpGk/da1URMXhyfuzWCwp+AQNMhvu8SfnA==}
    dependencies:
      '@codemirror/state': 6.1.0
      '@codemirror/view': 6.0.3
      '@lezer/common': 1.0.0
      '@lezer/highlight': 1.0.0
      '@lezer/lr': 1.2.0
      style-mod: 4.0.0
    dev: false

  /@codemirror/lint/6.0.0:
    resolution: {integrity: sha512-nUUXcJW1Xp54kNs+a1ToPLK8MadO0rMTnJB8Zk4Z8gBdrN0kqV7uvUraU/T2yqg+grDNR38Vmy/MrhQN/RgwiA==}
    dependencies:
      '@codemirror/state': 6.1.0
      '@codemirror/view': 6.0.3
      crelt: 1.0.5
    dev: false

  /@codemirror/state/6.1.0:
    resolution: {integrity: sha512-qbUr94DZTe6/V1VS7LDLz11rM/1t/nJxR1El4I6UaxDEdc0aZZvq6JCLJWiRmUf95NRAnDH6fhXn+PWp9wGCIg==}
    dev: false

  /@codemirror/view/6.0.3:
    resolution: {integrity: sha512-1gDBymhbx2DZzwnR/rNUu1LiQqjxBJtFiB+4uLR6tHQ6vKhTIwUsP5uZUQ7SM7JxVx3UihMynnTqjcsC+mczZg==}
    dependencies:
      '@codemirror/state': 6.1.0
      style-mod: 4.0.0
      w3c-keyname: 2.2.4
    dev: false

  /@lezer/common/1.0.0:
    resolution: {integrity: sha512-ohydQe+Hb+w4oMDvXzs8uuJd2NoA3D8YDcLiuDsLqH+yflDTPEpgCsWI3/6rH5C3BAedtH1/R51dxENldQceEA==}
    dev: false

  /@lezer/css/1.0.0:
    resolution: {integrity: sha512-616VqgDKumHmYIuxs3tnX1irEQmoDHgF/TlP4O5ICWwyHwLMErq+8iKVuzTkOdBqvYAVmObqThcDEAaaMJjAdg==}
    dependencies:
      '@lezer/highlight': 1.0.0
      '@lezer/lr': 1.2.0
    dev: false

  /@lezer/highlight/1.0.0:
    resolution: {integrity: sha512-nsCnNtim90UKsB5YxoX65v3GEIw3iCHw9RM2DtdgkiqAbKh9pCdvi8AWNwkYf10Lu6fxNhXPpkpHbW6mihhvJA==}
    dependencies:
      '@lezer/common': 1.0.0
    dev: false

  /@lezer/html/1.0.0:
    resolution: {integrity: sha512-wZHBcieArLTxEi198hqRBBHMySzDKo5suWaESdUw0t44IXp01vkSRwX2brG1qBbKdwJ+C6U0iMl00vWNiyAROg==}
    dependencies:
      '@lezer/highlight': 1.0.0
      '@lezer/lr': 1.2.0
    dev: false

  /@lezer/javascript/1.0.1:
    resolution: {integrity: sha512-t7fpf3+gi/jiAtW+Gv734TbKdpPg6b8qATH01/jprW9H2oR++Tb688IHwJvZbk9F4GjpCEv86beuHMpUyC1b5g==}
    dependencies:
      '@lezer/highlight': 1.0.0
      '@lezer/lr': 1.2.0
    dev: false

  /@lezer/lr/1.2.0:
    resolution: {integrity: sha512-TgEpfm9br2SX8JwtwKT8HsQZKuFkLRg6g+IRxObk9nVKQLKnkP3oMh+QGcTBL9GQsfQ2ADtKPbj2iGSMf3ytiA==}
    dependencies:
      '@lezer/common': 1.0.0
    dev: false

  /@lezer/php/1.0.0:
    resolution: {integrity: sha512-kFQu/mk/vmjpA+fjQU87d9eimqKJ9PFCa8CZCPFWGEwNnm7Ahpw32N+HYEU/YAQ0XcfmOAnW/YJCEa8WpUOMMw==}
    dependencies:
      '@lezer/highlight': 1.0.0
      '@lezer/lr': 1.2.0
    dev: false

  /crelt/1.0.5:
    resolution: {integrity: sha512-+BO9wPPi+DWTDcNYhr/W90myha8ptzftZT+LwcmUbbok0rcP/fequmFYCw8NMoH7pkAZQzU78b3kYrlua5a9eA==}
    dev: false

  /style-mod/4.0.0:
    resolution: {integrity: sha512-OPhtyEjyyN9x3nhPsu76f52yUGXiZcgvsrFVtvTkyGRQJ0XK+GPc6ov1z+lRpbeabka+MYEQxOYRnt5nF30aMw==}
    dev: false

  /w3c-keyname/2.2.4:
    resolution: {integrity: sha512-tOhfEwEzFLJzf6d1ZPkYfGj+FWhIpBux9ppoP3rlclw3Z0BZv3N7b7030Z1kYth+6rDuAsXUFr+d0VE6Ed1ikw==}
    dev: false
